Microsoft Visual Studio Solution File, Format Version 12.00
# Visual Studio 15
VisualStudioVersion = 15.0.28307.136
MinimumVisualStudioVersion = 10.0.40219.1
Project("{9A19103F-16F7-4668-BE54-9A1E7A4F7556}") = "Andoromeda.Kyubey.Dex", "Andoromeda.Kyubey.Dex\Andoromeda.Kyubey.Dex.csproj", "{9B144D5A-5A18-4B7B-B343-6B661E28BE23}"
EndProject
Project("{2150E333-8FDC-42A3-9474-1A3956D46DE8}") = "src", "src", "{6901E266-DF0D-420B-84D8-611B35F8638C}"
EndProject
Project("{2150E333-8FDC-42A3-9474-1A3956D46DE8}") = "Contract", "Contract", "{F5901232-77AD-4A17-B229-15672F807DCD}"
	ProjectSection(SolutionItems) = preProject
		Contract\CMakeLists.txt = Contract\CMakeLists.txt
		Contract\pomelo.cpp = Contract\pomelo.cpp
		Contract\pomelo.hpp = Contract\pomelo.hpp
	EndProjectSection
EndProject
Project("{2150E333-8FDC-42A3-9474-1A3956D46DE8}") = "test", "test", "{817BFCD8-8DC3-4727-8C20-802A222AF42D}"
EndProject
Project("{9A19103F-16F7-4668-BE54-9A1E7A4F7556}") = "Andoromeda.Kyubey.Dex.Contract.Tests", "Andoromeda.Kyubey.Dex.Contract.Tests\Andoromeda.Kyubey.Dex.Contract.Tests.csproj", "{4CBC40CA-312A-4821-B8F0-95ED5DC9BBD2}"
EndProject
Project("{2150E333-8FDC-42A3-9474-1A3956D46DE8}") = "bot", "bot", "{4E77FC7F-FFBE-4F54-AE01-B86C9D571B48}"
EndProject
Project("{FAE04EC0-301F-11D3-BF4B-00C04F79EFBC}") = "Andoromeda.Kyubey.Dex.Bot", "Andoromeda.Kyubey.Dex.Bot\Andoromeda.Kyubey.Dex.Bot.csproj", "{57A7120E-CF05-4574-B704-F7FC2B839C3F}"
EndProject
Global
	GlobalSection(SolutionConfigurationPlatforms) = preSolution
		Debug|Any CPU = Debug|Any CPU
		Release|Any CPU = Release|Any CPU
	EndGlobalSection
	GlobalSection(ProjectConfigurationPlatforms) = postSolution
		{9B144D5A-5A18-4B7B-B343-6B661E28BE23}.Debug|Any CPU.ActiveCfg = Debug|Any CPU
		{9B144D5A-5A18-4B7B-B343-6B661E28BE23}.Debug|Any CPU.Build.0 = Debug|Any CPU
		{9B144D5A-5A18-4B7B-B343-6B661E28BE23}.Release|Any CPU.ActiveCfg = Release|Any CPU
		{9B144D5A-5A18-4B7B-B343-6B661E28BE23}.Release|Any CPU.Build.0 = Release|Any CPU
		{4CBC40CA-312A-4821-B8F0-95ED5DC9BBD2}.Debug|Any CPU.ActiveCfg = Debug|Any CPU
		{4CBC40CA-312A-4821-B8F0-95ED5DC9BBD2}.Debug|Any CPU.Build.0 = Debug|Any CPU
		{4CBC40CA-312A-4821-B8F0-95ED5DC9BBD2}.Release|Any CPU.ActiveCfg = Release|Any CPU
		{4CBC40CA-312A-4821-B8F0-95ED5DC9BBD2}.Release|Any CPU.Build.0 = Release|Any CPU
		{57A7120E-CF05-4574-B704-F7FC2B839C3F}.Debug|Any CPU.ActiveCfg = Debug|Any CPU
		{57A7120E-CF05-4574-B704-F7FC2B839C3F}.Debug|Any CPU.Build.0 = Debug|Any CPU
		{57A7120E-CF05-4574-B704-F7FC2B839C3F}.Release|Any CPU.ActiveCfg = Release|Any CPU
		{57A7120E-CF05-4574-B704-F7FC2B839C3F}.Release|Any CPU.Build.0 = Release|Any CPU
	EndGlobalSection
	GlobalSection(SolutionProperties) = preSolution
		HideSolutionNode = FALSE
	EndGlobalSection
	GlobalSection(NestedProjects) = preSolution
		{9B144D5A-5A18-4B7B-B343-6B661E28BE23} = {6901E266-DF0D-420B-84D8-611B35F8638C}
		{F5901232-77AD-4A17-B229-15672F807DCD} = {6901E266-DF0D-420B-84D8-611B35F8638C}
		{4CBC40CA-312A-4821-B8F0-95ED5DC9BBD2} = {817BFCD8-8DC3-4727-8C20-802A222AF42D}
		{57A7120E-CF05-4574-B704-F7FC2B839C3F} = {4E77FC7F-FFBE-4F54-AE01-B86C9D571B48}
	EndGlobalSection
	GlobalSection(ExtensibilityGlobals) = postSolution
		SolutionGuid = {B4CE9E9D-01BB-413E-B7E0-6027B05FF99B}
	EndGlobalSection
EndGlobal
